
Microsoft Visual Studio Solution File, Format Version 12.00
# Visual Studio Version 17
VisualStudioVersion = 17.6.33801.468
MinimumVisualStudioVersion = 10.0.40219.1
Project("{9A19103F-16F7-4668-BE54-9A1E7A4F7556}") = "IntravisionTestTask.API", "IntravisionTestTask.API.csproj", "{AF9C9CDB-31FE-4F0D-BDAA-2F68F07B50D6}"
EndProject
Project("{9A19103F-16F7-4668-BE54-9A1E7A4F7556}") = "IntravisionTestTask.Domain", "..\IntravisionTestTask.Domain\IntravisionTestTask.Domain.csproj", "{B69D4A08-30F5-452C-BBCE-AED90C0B971E}"
EndProject
Project("{9A19103F-16F7-4668-BE54-9A1E7A4F7556}") = "IntravisionTestTask.DAL", "..\IntravisionTestTask.DAL\IntravisionTestTask.DAL.csproj", "{616E5424-1400-4B17-BCEE-08DB1AE2052E}"
EndProject
Project("{9A19103F-16F7-4668-BE54-9A1E7A4F7556}") = "IntravisionTestTask.PostgreSQL", "..\IntravisionTestTask.PostgreSQL\IntravisionTestTask.PostgreSQL.csproj", "{49530BC5-AC26-4C58-A542-FF357040BF38}"
EndProject
Project("{9A19103F-16F7-4668-BE54-9A1E7A4F7556}") = "IntravisionTestTask.Business", "..\IntravisionTestTask.Business\IntravisionTestTask.Business.csproj", "{C3495EF7-E5C1-488E-B6CD-DAAB301176A6}"
EndProject
Global
	GlobalSection(SolutionConfigurationPlatforms) = preSolution
		Debug|Any CPU = Debug|Any CPU
		Release|Any CPU = Release|Any CPU
	EndGlobalSection
	GlobalSection(ProjectConfigurationPlatforms) = postSolution
		{AF9C9CDB-31FE-4F0D-BDAA-2F68F07B50D6}.Debug|Any CPU.ActiveCfg = Debug|Any CPU
		{AF9C9CDB-31FE-4F0D-BDAA-2F68F07B50D6}.Debug|Any CPU.Build.0 = Debug|Any CPU
		{AF9C9CDB-31FE-4F0D-BDAA-2F68F07B50D6}.Release|Any CPU.ActiveCfg = Release|Any CPU
		{AF9C9CDB-31FE-4F0D-BDAA-2F68F07B50D6}.Release|Any CPU.Build.0 = Release|Any CPU
		{B69D4A08-30F5-452C-BBCE-AED90C0B971E}.Debug|Any CPU.ActiveCfg = Debug|Any CPU
		{B69D4A08-30F5-452C-BBCE-AED90C0B971E}.Debug|Any CPU.Build.0 = Debug|Any CPU
		{B69D4A08-30F5-452C-BBCE-AED90C0B971E}.Release|Any CPU.ActiveCfg = Release|Any CPU
		{B69D4A08-30F5-452C-BBCE-AED90C0B971E}.Release|Any CPU.Build.0 = Release|Any CPU
		{616E5424-1400-4B17-BCEE-08DB1AE2052E}.Debug|Any CPU.ActiveCfg = Debug|Any CPU
		{616E5424-1400-4B17-BCEE-08DB1AE2052E}.Debug|Any CPU.Build.0 = Debug|Any CPU
		{616E5424-1400-4B17-BCEE-08DB1AE2052E}.Release|Any CPU.ActiveCfg = Release|Any CPU
		{616E5424-1400-4B17-BCEE-08DB1AE2052E}.Release|Any CPU.Build.0 = Release|Any CPU
		{49530BC5-AC26-4C58-A542-FF357040BF38}.Debug|Any CPU.ActiveCfg = Debug|Any CPU
		{49530BC5-AC26-4C58-A542-FF357040BF38}.Debug|Any CPU.Build.0 = Debug|Any CPU
		{49530BC5-AC26-4C58-A542-FF357040BF38}.Release|Any CPU.ActiveCfg = Release|Any CPU
		{49530BC5-AC26-4C58-A542-FF357040BF38}.Release|Any CPU.Build.0 = Release|Any CPU
		{C3495EF7-E5C1-488E-B6CD-DAAB301176A6}.Debug|Any CPU.ActiveCfg = Debug|Any CPU
		{C3495EF7-E5C1-488E-B6CD-DAAB301176A6}.Debug|Any CPU.Build.0 = Debug|Any CPU
		{C3495EF7-E5C1-488E-B6CD-DAAB301176A6}.Release|Any CPU.ActiveCfg = Release|Any CPU
		{C3495EF7-E5C1-488E-B6CD-DAAB301176A6}.Release|Any CPU.Build.0 = Release|Any CPU
	EndGlobalSection
	GlobalSection(SolutionProperties) = preSolution
		HideSolutionNode = FALSE
	EndGlobalSection
	GlobalSection(ExtensibilityGlobals) = postSolution
		SolutionGuid = {933717DD-6FD3-4130-A425-114F600C4FA7}
	EndGlobalSection
EndGlobal
